
Microsoft Visual Studio Solution File, Format Version 12.00
# Visual Studio 14
VisualStudioVersion = 14.0.25420.1
MinimumVisualStudioVersion = 10.0.40219.1
Project("{FAE04EC0-301F-11D3-BF4B-00C04F79EFBC}") = "XFLibrary", "XFLibrary.csproj", "{67F9D3A8-F71E-4428-913F-C37AE82CDB24}"
EndProject
Project("{FAE04EC0-301F-11D3-BF4B-00C04F79EFBC}") = "App1.Android", "..\App1\App1.Android\App1.Android.csproj", "{053C5F25-9107-481C-8B5F-8FBC06E72CBB}"
EndProject
Project("{FAE04EC0-301F-11D3-BF4B-00C04F79EFBC}") = "App1", "..\App1\App1\App1.csproj", "{BB56CCC7-9FCA-41AD-9A0C-9DE8CC7A46F7}"
EndProject
Project("{FAE04EC0-301F-11D3-BF4B-00C04F79EFBC}") = "App1.iOS", "..\App1\App1.iOS\App1.iOS.csproj", "{2A76E6E9-3D3D-42BF-86FC-8CFF5F3AFF5D}"
EndProject
Global
	GlobalSection(SolutionConfigurationPlatforms) = preSolution
		Ad-Hoc|Any CPU = Ad-Hoc|Any CPU
		Ad-Hoc|iPhone = Ad-Hoc|iPhone
		Ad-Hoc|iPhoneSimulator = Ad-Hoc|iPhoneSimulator
		AppStore|Any CPU = AppStore|Any CPU
		AppStore|iPhone = AppStore|iPhone
		AppStore|iPhoneSimulator = AppStore|iPhoneSimulator
		Debug|Any CPU = Debug|Any CPU
		Debug|iPhone = Debug|iPhone
		Debug|iPhoneSimulator = Debug|iPhoneSimulator
		Release|Any CPU = Release|Any CPU
		Release|iPhone = Release|iPhone
		Release|iPhoneSimulator = Release|iPhoneSimulator
	EndGlobalSection
	GlobalSection(ProjectConfigurationPlatforms) = postSolution
		{67F9D3A8-F71E-4428-913F-C37AE82CDB24}.Ad-Hoc|Any CPU.ActiveCfg = Release|Any CPU
		{67F9D3A8-F71E-4428-913F-C37AE82CDB24}.Ad-Hoc|Any CPU.Build.0 = Release|Any CPU
		{67F9D3A8-F71E-4428-913F-C37AE82CDB24}.Ad-Hoc|iPhone.ActiveCfg = Release|Any CPU
		{67F9D3A8-F71E-4428-913F-C37AE82CDB24}.Ad-Hoc|iPhone.Build.0 = Release|Any CPU
		{67F9D3A8-F71E-4428-913F-C37AE82CDB24}.Ad-Hoc|iPhoneSimulator.ActiveCfg = Release|Any CPU
		{67F9D3A8-F71E-4428-913F-C37AE82CDB24}.Ad-Hoc|iPhoneSimulator.Build.0 = Release|Any CPU
		{67F9D3A8-F71E-4428-913F-C37AE82CDB24}.AppStore|Any CPU.ActiveCfg = Release|Any CPU
		{67F9D3A8-F71E-4428-913F-C37AE82CDB24}.AppStore|Any CPU.Build.0 = Release|Any CPU
		{67F9D3A8-F71E-4428-913F-C37AE82CDB24}.AppStore|iPhone.ActiveCfg = Release|Any CPU
		{67F9D3A8-F71E-4428-913F-C37AE82CDB24}.AppStore|iPhone.Build.0 = Release|Any CPU
		{67F9D3A8-F71E-4428-913F-C37AE82CDB24}.AppStore|iPhoneSimulator.ActiveCfg = Release|Any CPU
		{67F9D3A8-F71E-4428-913F-C37AE82CDB24}.AppStore|iPhoneSimulator.Build.0 = Release|Any CPU
		{67F9D3A8-F71E-4428-913F-C37AE82CDB24}.Debug|Any CPU.ActiveCfg = Debug|Any CPU
		{67F9D3A8-F71E-4428-913F-C37AE82CDB24}.Debug|Any CPU.Build.0 = Debug|Any CPU
		{67F9D3A8-F71E-4428-913F-C37AE82CDB24}.Debug|iPhone.ActiveCfg = Debug|Any CPU
		{67F9D3A8-F71E-4428-913F-C37AE82CDB24}.Debug|iPhone.Build.0 = Debug|Any CPU
		{67F9D3A8-F71E-4428-913F-C37AE82CDB24}.Debug|iPhoneSimulator.ActiveCfg = Debug|Any CPU
		{67F9D3A8-F71E-4428-913F-C37AE82CDB24}.Debug|iPhoneSimulator.Build.0 = Debug|Any CPU
		{67F9D3A8-F71E-4428-913F-C37AE82CDB24}.Release|Any CPU.ActiveCfg = Release|Any CPU
		{67F9D3A8-F71E-4428-913F-C37AE82CDB24}.Release|Any CPU.Build.0 = Release|Any CPU
		{67F9D3A8-F71E-4428-913F-C37AE82CDB24}.Release|iPhone.ActiveCfg = Release|Any CPU
		{67F9D3A8-F71E-4428-913F-C37AE82CDB24}.Release|iPhone.Build.0 = Release|Any CPU
		{67F9D3A8-F71E-4428-913F-C37AE82CDB24}.Release|iPhoneSimulator.ActiveCfg = Release|Any CPU
		{67F9D3A8-F71E-4428-913F-C37AE82CDB24}.Release|iPhoneSimulator.Build.0 = Release|Any CPU
		{053C5F25-9107-481C-8B5F-8FBC06E72CBB}.Ad-Hoc|Any CPU.ActiveCfg = Release|Any CPU
		{053C5F25-9107-481C-8B5F-8FBC06E72CBB}.Ad-Hoc|Any CPU.Build.0 = Release|Any CPU
		{053C5F25-9107-481C-8B5F-8FBC06E72CBB}.Ad-Hoc|Any CPU.Deploy.0 = Release|Any CPU
		{053C5F25-9107-481C-8B5F-8FBC06E72CBB}.Ad-Hoc|iPhone.ActiveCfg = Release|Any CPU
		{053C5F25-9107-481C-8B5F-8FBC06E72CBB}.Ad-Hoc|iPhone.Build.0 = Release|Any CPU
		{053C5F25-9107-481C-8B5F-8FBC06E72CBB}.Ad-Hoc|iPhone.Deploy.0 = Release|Any CPU
		{053C5F25-9107-481C-8B5F-8FBC06E72CBB}.Ad-Hoc|iPhoneSimulator.ActiveCfg = Release|Any CPU
		{053C5F25-9107-481C-8B5F-8FBC06E72CBB}.Ad-Hoc|iPhoneSimulator.Build.0 = Release|Any CPU
		{053C5F25-9107-481C-8B5F-8FBC06E72CBB}.Ad-Hoc|iPhoneSimulator.Deploy.0 = Release|Any CPU
		{053C5F25-9107-481C-8B5F-8FBC06E72CBB}.AppStore|Any CPU.ActiveCfg = Release|Any CPU
		{053C5F25-9107-481C-8B5F-8FBC06E72CBB}.AppStore|Any CPU.Build.0 = Release|Any CPU
		{053C5F25-9107-481C-8B5F-8FBC06E72CBB}.AppStore|Any CPU.Deploy.0 = Release|Any CPU
		{053C5F25-9107-481C-8B5F-8FBC06E72CBB}.AppStore|iPhone.ActiveCfg = Release|Any CPU
		{053C5F25-9107-481C-8B5F-8FBC06E72CBB}.AppStore|iPhone.Build.0 = Release|Any CPU
		{053C5F25-9107-481C-8B5F-8FBC06E72CBB}.AppStore|iPhone.Deploy.0 = Release|Any CPU
		{053C5F25-9107-481C-8B5F-8FBC06E72CBB}.AppStore|iPhoneSimulator.ActiveCfg = Release|Any CPU
		{053C5F25-9107-481C-8B5F-8FBC06E72CBB}.AppStore|iPhoneSimulator.Build.0 = Release|Any CPU
		{053C5F25-9107-481C-8B5F-8FBC06E72CBB}.AppStore|iPhoneSimulator.Deploy.0 = Release|Any CPU
		{053C5F25-9107-481C-8B5F-8FBC06E72CBB}.Debug|Any CPU.ActiveCfg = Debug|Any CPU
		{053C5F25-9107-481C-8B5F-8FBC06E72CBB}.Debug|Any CPU.Build.0 = Debug|Any CPU
		{053C5F25-9107-481C-8B5F-8FBC06E72CBB}.Debug|Any CPU.Deploy.0 = Debug|Any CPU
		{053C5F25-9107-481C-8B5F-8FBC06E72CBB}.Debug|iPhone.ActiveCfg = Debug|Any CPU
		{053C5F25-9107-481C-8B5F-8FBC06E72CBB}.Debug|iPhone.Build.0 = Debug|Any CPU
		{053C5F25-9107-481C-8B5F-8FBC06E72CBB}.Debug|iPhone.Deploy.0 = Debug|Any CPU
		{053C5F25-9107-481C-8B5F-8FBC06E72CBB}.Debug|iPhoneSimulator.ActiveCfg = Debug|Any CPU
		{053C5F25-9107-481C-8B5F-8FBC06E72CBB}.Debug|iPhoneSimulator.Build.0 = Debug|Any CPU
		{053C5F25-9107-481C-8B5F-8FBC06E72CBB}.Debug|iPhoneSimulator.Deploy.0 = Debug|Any CPU
		{053C5F25-9107-481C-8B5F-8FBC06E72CBB}.Release|Any CPU.ActiveCfg = Release|Any CPU
		{053C5F25-9107-481C-8B5F-8FBC06E72CBB}.Release|Any CPU.Build.0 = Release|Any CPU
		{053C5F25-9107-481C-8B5F-8FBC06E72CBB}.Release|Any CPU.Deploy.0 = Release|Any CPU
		{053C5F25-9107-481C-8B5F-8FBC06E72CBB}.Release|iPhone.ActiveCfg = Release|Any CPU
		{053C5F25-9107-481C-8B5F-8FBC06E72CBB}.Release|iPhone.Build.0 = Release|Any CPU
		{053C5F25-9107-481C-8B5F-8FBC06E72CBB}.Release|iPhone.Deploy.0 = Release|Any CPU
		{053C5F25-9107-481C-8B5F-8FBC06E72CBB}.Release|iPhoneSimulator.ActiveCfg = Release|Any CPU
		{053C5F25-9107-481C-8B5F-8FBC06E72CBB}.Release|iPhoneSimulator.Build.0 = Release|Any CPU
		{053C5F25-9107-481C-8B5F-8FBC06E72CBB}.Release|iPhoneSimulator.Deploy.0 = Release|Any CPU
		{BB56CCC7-9FCA-41AD-9A0C-9DE8CC7A46F7}.Ad-Hoc|Any CPU.ActiveCfg = Release|Any CPU
		{BB56CCC7-9FCA-41AD-9A0C-9DE8CC7A46F7}.Ad-Hoc|Any CPU.Build.0 = Release|Any CPU
		{BB56CCC7-9FCA-41AD-9A0C-9DE8CC7A46F7}.Ad-Hoc|iPhone.ActiveCfg = Release|Any CPU
		{BB56CCC7-9FCA-41AD-9A0C-9DE8CC7A46F7}.Ad-Hoc|iPhone.Build.0 = Release|Any CPU
		{BB56CCC7-9FCA-41AD-9A0C-9DE8CC7A46F7}.Ad-Hoc|iPhoneSimulator.ActiveCfg = Release|Any CPU
		{BB56CCC7-9FCA-41AD-9A0C-9DE8CC7A46F7}.Ad-Hoc|iPhoneSimulator.Build.0 = Release|Any CPU
		{BB56CCC7-9FCA-41AD-9A0C-9DE8CC7A46F7}.AppStore|Any CPU.ActiveCfg = Release|Any CPU
		{BB56CCC7-9FCA-41AD-9A0C-9DE8CC7A46F7}.AppStore|Any CPU.Build.0 = Release|Any CPU
		{BB56CCC7-9FCA-41AD-9A0C-9DE8CC7A46F7}.AppStore|iPhone.ActiveCfg = Release|Any CPU
		{BB56CCC7-9FCA-41AD-9A0C-9DE8CC7A46F7}.AppStore|iPhone.Build.0 = Release|Any CPU
		{BB56CCC7-9FCA-41AD-9A0C-9DE8CC7A46F7}.AppStore|iPhoneSimulator.ActiveCfg = Release|Any CPU
		{BB56CCC7-9FCA-41AD-9A0C-9DE8CC7A46F7}.AppStore|iPhoneSimulator.Build.0 = Release|Any CPU
		{BB56CCC7-9FCA-41AD-9A0C-9DE8CC7A46F7}.Debug|Any CPU.ActiveCfg = Debug|Any CPU
		{BB56CCC7-9FCA-41AD-9A0C-9DE8CC7A46F7}.Debug|Any CPU.Build.0 = Debug|Any CPU
		{BB56CCC7-9FCA-41AD-9A0C-9DE8CC7A46F7}.Debug|iPhone.ActiveCfg = Debug|Any CPU
		{BB56CCC7-9FCA-41AD-9A0C-9DE8CC7A46F7}.Debug|iPhone.Build.0 = Debug|Any CPU
		{BB56CCC7-9FCA-41AD-9A0C-9DE8CC7A46F7}.Debug|iPhoneSimulator.ActiveCfg = Debug|Any CPU
		{BB56CCC7-9FCA-41AD-9A0C-9DE8CC7A46F7}.Debug|iPhoneSimulator.Build.0 = Debug|Any CPU
		{BB56CCC7-9FCA-41AD-9A0C-9DE8CC7A46F7}.Release|Any CPU.ActiveCfg = Release|Any CPU
		{BB56CCC7-9FCA-41AD-9A0C-9DE8CC7A46F7}.Release|Any CPU.Build.0 = Release|Any CPU
		{BB56CCC7-9FCA-41AD-9A0C-9DE8CC7A46F7}.Release|iPhone.ActiveCfg = Release|Any CPU
		{BB56CCC7-9FCA-41AD-9A0C-9DE8CC7A46F7}.Release|iPhone.Build.0 = Release|Any CPU
		{BB56CCC7-9FCA-41AD-9A0C-9DE8CC7A46F7}.Release|iPhoneSimulator.ActiveCfg = Release|Any CPU
		{BB56CCC7-9FCA-41AD-9A0C-9DE8CC7A46F7}.Release|iPhoneSimulator.Build.0 = Release|Any CPU
		{2A76E6E9-3D3D-42BF-86FC-8CFF5F3AFF5D}.Ad-Hoc|Any CPU.ActiveCfg = Ad-Hoc|iPhone
		{2A76E6E9-3D3D-42BF-86FC-8CFF5F3AFF5D}.Ad-Hoc|iPhone.ActiveCfg = Ad-Hoc|iPhone
		{2A76E6E9-3D3D-42BF-86FC-8CFF5F3AFF5D}.Ad-Hoc|iPhone.Build.0 = Ad-Hoc|iPhone
		{2A76E6E9-3D3D-42BF-86FC-8CFF5F3AFF5D}.Ad-Hoc|iPhoneSimulator.ActiveCfg = Ad-Hoc|iPhoneSimulator
		{2A76E6E9-3D3D-42BF-86FC-8CFF5F3AFF5D}.Ad-Hoc|iPhoneSimulator.Build.0 = Ad-Hoc|iPhoneSimulator
		{2A76E6E9-3D3D-42BF-86FC-8CFF5F3AFF5D}.AppStore|Any CPU.ActiveCfg = AppStore|iPhone
		{2A76E6E9-3D3D-42BF-86FC-8CFF5F3AFF5D}.AppStore|iPhone.ActiveCfg = AppStore|iPhone
		{2A76E6E9-3D3D-42BF-86FC-8CFF5F3AFF5D}.AppStore|iPhone.Build.0 = AppStore|iPhone
		{2A76E6E9-3D3D-42BF-86FC-8CFF5F3AFF5D}.AppStore|iPhoneSimulator.ActiveCfg = AppStore|iPhoneSimulator
		{2A76E6E9-3D3D-42BF-86FC-8CFF5F3AFF5D}.AppStore|iPhoneSimulator.Build.0 = AppStore|iPhoneSimulator
		{2A76E6E9-3D3D-42BF-86FC-8CFF5F3AFF5D}.Debug|Any CPU.ActiveCfg = Debug|iPhone
		{2A76E6E9-3D3D-42BF-86FC-8CFF5F3AFF5D}.Debug|iPhone.ActiveCfg = Debug|iPhone
		{2A76E6E9-3D3D-42BF-86FC-8CFF5F3AFF5D}.Debug|iPhone.Build.0 = Debug|iPhone
		{2A76E6E9-3D3D-42BF-86FC-8CFF5F3AFF5D}.Debug|iPhoneSimulator.ActiveCfg = Debug|iPhoneSimulator
		{2A76E6E9-3D3D-42BF-86FC-8CFF5F3AFF5D}.Debug|iPhoneSimulator.Build.0 = Debug|iPhoneSimulator
		{2A76E6E9-3D3D-42BF-86FC-8CFF5F3AFF5D}.Release|Any CPU.ActiveCfg = Release|iPhone
		{2A76E6E9-3D3D-42BF-86FC-8CFF5F3AFF5D}.Release|iPhone.ActiveCfg = Release|iPhone
		{2A76E6E9-3D3D-42BF-86FC-8CFF5F3AFF5D}.Release|iPhone.Build.0 = Release|iPhone
		{2A76E6E9-3D3D-42BF-86FC-8CFF5F3AFF5D}.Release|iPhoneSimulator.ActiveCfg = Release|iPhoneSimulator
		{2A76E6E9-3D3D-42BF-86FC-8CFF5F3AFF5D}.Release|iPhoneSimulator.Build.0 = Release|iPhoneSimulator
	EndGlobalSection
	GlobalSection(SolutionProperties) = preSolution
		HideSolutionNode = FALSE
	EndGlobalSection
EndGlobal
